
Microsoft Visual Studio Solution File, Format Version 12.00
# Visual Studio Version 17
VisualStudioVersion = 17.0.31903.59
MinimumVisualStudioVersion = 10.0.40219.1
Project("{2150E333-8FDC-42A3-9474-1A3956D46DE8}") = "src", "src", "{2957507D-306C-4288-80DA-9AEEA9AEDFAB}"
EndProject
Project("{FAE04EC0-301F-11D3-BF4B-00C04F79EFBC}") = "TournamentTracker.Core", "src\TournamentTracker.Core\TournamentTracker.Core.csproj", "{675B7CB3-77C8-4E36-B957-4662D09C787C}"
EndProject
Project("{FAE04EC0-301F-11D3-BF4B-00C04F79EFBC}") = "TournamentTracker.Plugin", "src\TournamentTracker.Plugin\TournamentTracker.Plugin.csproj", "{D355C417-729E-4101-B041-99EB46F1B8ED}"
EndProject
Project("{2150E333-8FDC-42A3-9474-1A3956D46DE8}") = "tests", "tests", "{9A330B33-B7EF-40BA-BDBB-9FA44F92DAC1}"
EndProject
Project("{FAE04EC0-301F-11D3-BF4B-00C04F79EFBC}") = "TournamentTracker.Tests", "tests\TournamentTracker.Tests\TournamentTracker.Tests.csproj", "{0BF1B393-5788-436E-A52F-EB8207AE4D17}"
EndProject
Project("{2150E333-8FDC-42A3-9474-1A3956D46DE8}") = "tools", "tools", "{526C0B98-C169-47DC-9F30-991CAE8A5124}"
EndProject
Project("{FAE04EC0-301F-11D3-BF4B-00C04F79EFBC}") = "PrelimBoard", "tools\PrelimBoard\PrelimBoard.csproj", "{40840B4B-C69B-4BEE-99B4-44C8985A9300}"
EndProject
Project("{FAE04EC0-301F-11D3-BF4B-00C04F79EFBC}") = "TournamentTracker.AppCore", "src\TournamentTracker.AppCore\TournamentTracker.AppCore.csproj", "{5B220EC7-A86B-45C4-91D8-ECE70EB220D2}"
EndProject
Project("{FAE04EC0-301F-11D3-BF4B-00C04F79EFBC}") = "TournamentTracker.Common", "src\TournamentTracker.Common\TournamentTracker.Common.csproj", "{83C9E06C-4FD8-4654-87C1-415733EC9FCE}"
EndProject
Global
	GlobalSection(SolutionConfigurationPlatforms) = preSolution
		Debug|Any CPU = Debug|Any CPU
		Release|Any CPU = Release|Any CPU
	EndGlobalSection
	GlobalSection(SolutionProperties) = preSolution
		HideSolutionNode = FALSE
	EndGlobalSection
	GlobalSection(ProjectConfigurationPlatforms) = postSolution
		{675B7CB3-77C8-4E36-B957-4662D09C787C}.Debug|Any CPU.ActiveCfg = Debug|Any CPU
		{675B7CB3-77C8-4E36-B957-4662D09C787C}.Debug|Any CPU.Build.0 = Debug|Any CPU
		{675B7CB3-77C8-4E36-B957-4662D09C787C}.Release|Any CPU.ActiveCfg = Release|Any CPU
		{675B7CB3-77C8-4E36-B957-4662D09C787C}.Release|Any CPU.Build.0 = Release|Any CPU
		{D355C417-729E-4101-B041-99EB46F1B8ED}.Debug|Any CPU.ActiveCfg = Debug|Any CPU
		{D355C417-729E-4101-B041-99EB46F1B8ED}.Debug|Any CPU.Build.0 = Debug|Any CPU
		{D355C417-729E-4101-B041-99EB46F1B8ED}.Release|Any CPU.ActiveCfg = Release|Any CPU
		{D355C417-729E-4101-B041-99EB46F1B8ED}.Release|Any CPU.Build.0 = Release|Any CPU
		{0BF1B393-5788-436E-A52F-EB8207AE4D17}.Debug|Any CPU.ActiveCfg = Debug|Any CPU
		{0BF1B393-5788-436E-A52F-EB8207AE4D17}.Debug|Any CPU.Build.0 = Debug|Any CPU
		{0BF1B393-5788-436E-A52F-EB8207AE4D17}.Release|Any CPU.ActiveCfg = Release|Any CPU
		{0BF1B393-5788-436E-A52F-EB8207AE4D17}.Release|Any CPU.Build.0 = Release|Any CPU
		{40840B4B-C69B-4BEE-99B4-44C8985A9300}.Debug|Any CPU.ActiveCfg = Debug|Any CPU
		{40840B4B-C69B-4BEE-99B4-44C8985A9300}.Debug|Any CPU.Build.0 = Debug|Any CPU
		{40840B4B-C69B-4BEE-99B4-44C8985A9300}.Release|Any CPU.ActiveCfg = Release|Any CPU
		{40840B4B-C69B-4BEE-99B4-44C8985A9300}.Release|Any CPU.Build.0 = Release|Any CPU
		{5B220EC7-A86B-45C4-91D8-ECE70EB220D2}.Debug|Any CPU.ActiveCfg = Debug|Any CPU
		{5B220EC7-A86B-45C4-91D8-ECE70EB220D2}.Debug|Any CPU.Build.0 = Debug|Any CPU
		{5B220EC7-A86B-45C4-91D8-ECE70EB220D2}.Release|Any CPU.ActiveCfg = Release|Any CPU
		{5B220EC7-A86B-45C4-91D8-ECE70EB220D2}.Release|Any CPU.Build.0 = Release|Any CPU
		{83C9E06C-4FD8-4654-87C1-415733EC9FCE}.Debug|Any CPU.ActiveCfg = Debug|Any CPU
		{83C9E06C-4FD8-4654-87C1-415733EC9FCE}.Debug|Any CPU.Build.0 = Debug|Any CPU
		{83C9E06C-4FD8-4654-87C1-415733EC9FCE}.Release|Any CPU.ActiveCfg = Release|Any CPU
		{83C9E06C-4FD8-4654-87C1-415733EC9FCE}.Release|Any CPU.Build.0 = Release|Any CPU
	EndGlobalSection
	GlobalSection(NestedProjects) = preSolution
		{675B7CB3-77C8-4E36-B957-4662D09C787C} = {2957507D-306C-4288-80DA-9AEEA9AEDFAB}
		{D355C417-729E-4101-B041-99EB46F1B8ED} = {2957507D-306C-4288-80DA-9AEEA9AEDFAB}
		{0BF1B393-5788-436E-A52F-EB8207AE4D17} = {9A330B33-B7EF-40BA-BDBB-9FA44F92DAC1}
		{40840B4B-C69B-4BEE-99B4-44C8985A9300} = {526C0B98-C169-47DC-9F30-991CAE8A5124}
		{5B220EC7-A86B-45C4-91D8-ECE70EB220D2} = {2957507D-306C-4288-80DA-9AEEA9AEDFAB}
		{83C9E06C-4FD8-4654-87C1-415733EC9FCE} = {2957507D-306C-4288-80DA-9AEEA9AEDFAB}
	EndGlobalSection
EndGlobal
